
Microsoft Visual Studio Solution File, Format Version 12.00
# Visual Studio Version 17
VisualStudioVersion = 17.7.34031.279
MinimumVisualStudioVersion = 10.0.40219.1
Project("{FAE04EC0-301F-11D3-BF4B-00C04F79EFBC}") = "EjsTema8", "EjsTema8\EjsTema8.csproj", "{9B2A5E47-37CA-47C4-AC85-804CB71EDD6E}"
EndProject
Global
	GlobalSection(SolutionConfigurationPlatforms) = preSolution
		Debug|Any CPU = Debug|Any CPU
		Release|Any CPU = Release|Any CPU
	EndGlobalSection
	GlobalSection(ProjectConfigurationPlatforms) = postSolution
		{9B2A5E47-37CA-47C4-AC85-804CB71EDD6E}.Debug|Any CPU.ActiveCfg = Debug|Any CPU
		{9B2A5E47-37CA-47C4-AC85-804CB71EDD6E}.Debug|Any CPU.Build.0 = Debug|Any CPU
		{9B2A5E47-37CA-47C4-AC85-804CB71EDD6E}.Debug|Any CPU.Deploy.0 = Debug|Any CPU
		{9B2A5E47-37CA-47C4-AC85-804CB71EDD6E}.Release|Any CPU.ActiveCfg = Release|Any CPU
		{9B2A5E47-37CA-47C4-AC85-804CB71EDD6E}.Release|Any CPU.Build.0 = Release|Any CPU
		{9B2A5E47-37CA-47C4-AC85-804CB71EDD6E}.Release|Any CPU.Deploy.0 = Release|Any CPU
	EndGlobalSection
	GlobalSection(SolutionProperties) = preSolution
		HideSolutionNode = FALSE
	EndGlobalSection
	GlobalSection(ExtensibilityGlobals) = postSolution
		SolutionGuid = {8D3CCAD6-A431-4FC4-9A00-B0E3AB54D536}
	EndGlobalSection
EndGlobal
