
Microsoft Visual Studio Solution File, Format Version 12.00
# Visual Studio Version 17
VisualStudioVersion = 17.7.34031.279
MinimumVisualStudioVersion = 10.0.40219.1
Project("{9A19103F-16F7-4668-BE54-9A1E7A4F7556}") = "EjsTema8", "EjsTema8\EjsTema8.csproj", "{9B2A5E47-37CA-47C4-AC85-804CB71EDD6E}"
EndProject
Project("{9A19103F-16F7-4668-BE54-9A1E7A4F7556}") = "Ejercicio05_Tema8", "Ejercicio05_Tema8\Ejercicio05_Tema8.csproj", "{FB738024-998D-4818-9F5E-89E6D498CE2B}"
EndProject
Project("{FAE04EC0-301F-11D3-BF4B-00C04F79EFBC}") = "Ejercicio06_Tema8", "Ejercicio06_Tema8\Ejercicio06_Tema8.csproj", "{3214FF7B-8352-4B5B-AE3C-16B68F8DDEC4}"
EndProject
Global
	GlobalSection(SolutionConfigurationPlatforms) = preSolution
		Debug|Any CPU = Debug|Any CPU
		Release|Any CPU = Release|Any CPU
	EndGlobalSection
	GlobalSection(ProjectConfigurationPlatforms) = postSolution
		{9B2A5E47-37CA-47C4-AC85-804CB71EDD6E}.Debug|Any CPU.ActiveCfg = Debug|Any CPU
		{9B2A5E47-37CA-47C4-AC85-804CB71EDD6E}.Debug|Any CPU.Build.0 = Debug|Any CPU
		{9B2A5E47-37CA-47C4-AC85-804CB71EDD6E}.Debug|Any CPU.Deploy.0 = Debug|Any CPU
		{9B2A5E47-37CA-47C4-AC85-804CB71EDD6E}.Release|Any CPU.ActiveCfg = Release|Any CPU
		{9B2A5E47-37CA-47C4-AC85-804CB71EDD6E}.Release|Any CPU.Build.0 = Release|Any CPU
		{9B2A5E47-37CA-47C4-AC85-804CB71EDD6E}.Release|Any CPU.Deploy.0 = Release|Any CPU
		{FB738024-998D-4818-9F5E-89E6D498CE2B}.Debug|Any CPU.ActiveCfg = Debug|Any CPU
		{FB738024-998D-4818-9F5E-89E6D498CE2B}.Debug|Any CPU.Build.0 = Debug|Any CPU
		{FB738024-998D-4818-9F5E-89E6D498CE2B}.Debug|Any CPU.Deploy.0 = Debug|Any CPU
		{FB738024-998D-4818-9F5E-89E6D498CE2B}.Release|Any CPU.ActiveCfg = Release|Any CPU
		{FB738024-998D-4818-9F5E-89E6D498CE2B}.Release|Any CPU.Build.0 = Release|Any CPU
		{FB738024-998D-4818-9F5E-89E6D498CE2B}.Release|Any CPU.Deploy.0 = Release|Any CPU
		{3214FF7B-8352-4B5B-AE3C-16B68F8DDEC4}.Debug|Any CPU.ActiveCfg = Debug|Any CPU
		{3214FF7B-8352-4B5B-AE3C-16B68F8DDEC4}.Debug|Any CPU.Build.0 = Debug|Any CPU
		{3214FF7B-8352-4B5B-AE3C-16B68F8DDEC4}.Debug|Any CPU.Deploy.0 = Debug|Any CPU
		{3214FF7B-8352-4B5B-AE3C-16B68F8DDEC4}.Release|Any CPU.ActiveCfg = Release|Any CPU
		{3214FF7B-8352-4B5B-AE3C-16B68F8DDEC4}.Release|Any CPU.Build.0 = Release|Any CPU
		{3214FF7B-8352-4B5B-AE3C-16B68F8DDEC4}.Release|Any CPU.Deploy.0 = Release|Any CPU
	EndGlobalSection
	GlobalSection(SolutionProperties) = preSolution
		HideSolutionNode = FALSE
	EndGlobalSection
	GlobalSection(ExtensibilityGlobals) = postSolution
		SolutionGuid = {8D3CCAD6-A431-4FC4-9A00-B0E3AB54D536}
	EndGlobalSection
EndGlobal
